<?xml version="1.0" encoding="utf-8"?>
<Project ToolsVersion="4.0" xmlns="http://schemas.microsoft.com/developer/msbuild/2003">
  <ItemGroup>
    <Filter Include="src">
      <UniqueIdentifier>{4FC737F1-C7A5-4376-A066-2A32D752A2FF}</UniqueIdentifier>
      <Extensions>cpp;c;cc;cxx;def;odl;idl;hpj;bat;asm;asmx</Extensions>
    </Filter>
    <Filter Include="src\buggin_out">
      <UniqueIdentifier>{5bb326e0-4321-4d0e-9cee-6f98c21671d2}</UniqueIdentifier>
    </Filter>
    <Filter Include="src\buggin_out_VS">
      <UniqueIdentifier>{c33742fb-cb3d-4d8d-a88b-09ba1684fcdb}</UniqueIdentifier>
    </Filter>
  </ItemGroup>
  <ItemGroup>
    <ClCompile Include="src\buggin_out_VS\stdafx.cpp">
      <Filter>src\buggin_out_VS</Filter>
    </ClCompile>
    <ClCompile Include="src\buggin_out\BugginOut.cpp">
      <Filter>src\buggin_out</Filter>
    </ClCompile>
    <ClCompile Include="src\buggin_out\BugginOutButtonEventHandler.cpp">
      <Filter>src\buggin_out</Filter>
    </ClCompile>
    <ClCompile Include="src\buggin_out\BugginOutCollisionListener.cpp">
      <Filter>src\buggin_out</Filter>
    </ClCompile>
    <ClCompile Include="src\buggin_out\BugginOutDataLoader.cpp">
      <Filter>src\buggin_out</Filter>
    </ClCompile>
    <ClCompile Include="src\buggin_out\BugginOutKeyEventHandler.cpp">
      <Filter>src\buggin_out</Filter>
    </ClCompile>
    <ClCompile Include="src\buggin_out\BugginOutTextGenerator.cpp">
      <Filter>src\buggin_out</Filter>
    </ClCompile>
  </ItemGroup>
  <ItemGroup>
    <ClInclude Include="src\buggin_out_VS\Resource.h">
      <Filter>src\buggin_out_VS</Filter>
    </ClInclude>
    <ClInclude Include="src\buggin_out_VS\stdafx.h">
      <Filter>src\buggin_out_VS</Filter>
    </ClInclude>
    <ClInclude Include="src\buggin_out_VS\targetver.h">
      <Filter>src\buggin_out_VS</Filter>
    </ClInclude>
    <ClInclude Include="src\buggin_out\BugginOut.h">
      <Filter>src\buggin_out</Filter>
    </ClInclude>
    <ClInclude Include="src\buggin_out\BugginOutButtonEventHandler.h">
      <Filter>src\buggin_out</Filter>
    </ClInclude>
    <ClInclude Include="src\buggin_out\BugginOutCollisionListener.h">
      <Filter>src\buggin_out</Filter>
    </ClInclude>
    <ClInclude Include="src\buggin_out\BugginOutDataLoader.h">
      <Filter>src\buggin_out</Filter>
    </ClInclude>
    <ClInclude Include="src\buggin_out\BugginOutKeyEventHandler.h">
      <Filter>src\buggin_out</Filter>
    </ClInclude>
    <ClInclude Include="src\buggin_out\BugginOutTextGenerator.h">
      <Filter>src\buggin_out</Filter>
    </ClInclude>
  </ItemGroup>
  <ItemGroup>
    <Text Include="src\buggin_out_VS\ReadMe.txt">
      <Filter>src\buggin_out_VS</Filter>
    </Text>
  </ItemGroup>
</Project>